
Microsoft Visual Studio Solution File, Format Version 12.00
# Visual Studio Version 17
VisualStudioVersion = 17.9.34616.47
MinimumVisualStudioVersion = 10.0.40219.1
Project("{9A19103F-16F7-4668-BE54-9A1E7A4F7556}") = "RubberCityAPI", "RubberCityAPI.csproj", "{2D4FCEEB-651E-4C08-B4DF-F53AF8299CA3}"
EndProject
Project("{FAE04EC0-301F-11D3-BF4B-00C04F79EFBC}") = "RubberCity.Data", "..\RubberCity.Data\RubberCity.Data.csproj", "{41C608B7-BEF2-4D7F-8AEF-5D58809548E0}"
EndProject
Project("{FAE04EC0-301F-11D3-BF4B-00C04F79EFBC}") = "Domain", "..\Domain\Domain.csproj", "{8BFC3503-C4BC-480B-B8CC-026AE0DC54BD}"
EndProject
Project("{FAE04EC0-301F-11D3-BF4B-00C04F79EFBC}") = "RubberCity.Services", "..\RubberCity.Services\RubberCity.Services.csproj", "{70F60207-020D-42A7-AD10-A13B3EDED9D3}"
EndProject
Global
	GlobalSection(SolutionConfigurationPlatforms) = preSolution
		Debug|Any CPU = Debug|Any CPU
		Release|Any CPU = Release|Any CPU
	EndGlobalSection
	GlobalSection(ProjectConfigurationPlatforms) = postSolution
		{2D4FCEEB-651E-4C08-B4DF-F53AF8299CA3}.Debug|Any CPU.ActiveCfg = Debug|Any CPU
		{2D4FCEEB-651E-4C08-B4DF-F53AF8299CA3}.Debug|Any CPU.Build.0 = Debug|Any CPU
		{2D4FCEEB-651E-4C08-B4DF-F53AF8299CA3}.Release|Any CPU.ActiveCfg = Release|Any CPU
		{2D4FCEEB-651E-4C08-B4DF-F53AF8299CA3}.Release|Any CPU.Build.0 = Release|Any CPU
		{41C608B7-BEF2-4D7F-8AEF-5D58809548E0}.Debug|Any CPU.ActiveCfg = Debug|Any CPU
		{41C608B7-BEF2-4D7F-8AEF-5D58809548E0}.Debug|Any CPU.Build.0 = Debug|Any CPU
		{41C608B7-BEF2-4D7F-8AEF-5D58809548E0}.Release|Any CPU.ActiveCfg = Release|Any CPU
		{41C608B7-BEF2-4D7F-8AEF-5D58809548E0}.Release|Any CPU.Build.0 = Release|Any CPU
		{8BFC3503-C4BC-480B-B8CC-026AE0DC54BD}.Debug|Any CPU.ActiveCfg = Debug|Any CPU
		{8BFC3503-C4BC-480B-B8CC-026AE0DC54BD}.Debug|Any CPU.Build.0 = Debug|Any CPU
		{8BFC3503-C4BC-480B-B8CC-026AE0DC54BD}.Release|Any CPU.ActiveCfg = Release|Any CPU
		{8BFC3503-C4BC-480B-B8CC-026AE0DC54BD}.Release|Any CPU.Build.0 = Release|Any CPU
		{70F60207-020D-42A7-AD10-A13B3EDED9D3}.Debug|Any CPU.ActiveCfg = Debug|Any CPU
		{70F60207-020D-42A7-AD10-A13B3EDED9D3}.Debug|Any CPU.Build.0 = Debug|Any CPU
		{70F60207-020D-42A7-AD10-A13B3EDED9D3}.Release|Any CPU.ActiveCfg = Release|Any CPU
		{70F60207-020D-42A7-AD10-A13B3EDED9D3}.Release|Any CPU.Build.0 = Release|Any CPU
	EndGlobalSection
	GlobalSection(SolutionProperties) = preSolution
		HideSolutionNode = FALSE
	EndGlobalSection
	GlobalSection(ExtensibilityGlobals) = postSolution
		SolutionGuid = {F61B5537-EF21-41EA-86CA-0775DE2A82E8}
	EndGlobalSection
EndGlobal
